<?xml version="1.0" encoding="UTF-8" standalone="yes" ?>
<CodeBlocks_project_file>
	<FileVersion major="1" minor="6" />
	<Project>
		<Option title="MazeSolve" />
		<Option pch_mode="2" />
		<Option compiler="gcc" />
		<Build>
			<Target title="Debug">
				<Option output="bin/Debug/MazeSolve" prefix_auto="1" extension_auto="1" />
				<Option object_output="obj/Debug/" />
				<Option type="1" />
				<Option compiler="gcc" />
				<Compiler>
					<Add option="-g" />
				</Compiler>
			</Target>
			<Target title="Release">
				<Option output="bin/Release/MazeSolve" prefix_auto="1" extension_auto="1" />
				<Option object_output="obj/Release/" />
				<Option type="1" />
				<Option compiler="gcc" />
				<Compiler>
					<Add option="-O2" />
				</Compiler>
				<Linker>
					<Add option="-s" />
				</Linker>
			</Target>
		</Build>
		<Compiler>
			<Add option="-std=c++11" />
			<Add option="-Wall" />
			<Add option="-fexceptions" />
		</Compiler>
		<Unit filename="src/Breeder.cpp" />
		<Unit filename="src/Breeder.h" />
		<Unit filename="src/Fitness.cpp" />
		<Unit filename="src/Fitness.h" />
		<Unit filename="src/Gene.cpp" />
		<Unit filename="src/Gene.h" />
		<Unit filename="src/GeneStats.cpp" />
		<Unit filename="src/GeneStats.h" />
		<Unit filename="src/GenoType.cpp" />
		<Unit filename="src/GenoType.h" />
		<Unit filename="src/Incubator.cpp" />
		<Unit filename="src/Incubator.h" />
		<Unit filename="src/Maze.cpp" />
		<Unit filename="src/Maze.h" />
		<Unit filename="src/Mutator.cpp" />
		<Unit filename="src/Mutator.h" />
		<Unit filename="src/Solver.cpp" />
		<Extensions>
			<code_completion />
			<envvars />
			<debugger />
			<lib_finder disable_auto="1" />
		</Extensions>
	</Project>
</CodeBlocks_project_file>
